{
  "version": 4,
  "terraform_version": "1.8.5",
  "serial": 11,
  "lineage": "100adc08-d7da-0c73-43af-d7a48408e018",
  "outputs": {},
  "resources": [
    {
      "mode": "managed",
      "type": "google_dns_managed_zone",
      "name": "toge5103_com_zone",
      "provider": "provider[\"registry.terraform.io/hashicorp/google\"]",
      "instances": [
        {
          "schema_version": 0,
          "attributes": {
            "cloud_logging_config": [
              {
                "enable_logging": false
              }
            ],
            "creation_time": "2024-12-14T08:34:04.522Z",
            "description": "toge5103.com dns",
            "dns_name": "toge5103.com.",
            "dnssec_config": [],
            "effective_labels": {},
            "force_destroy": false,
            "forwarding_config": [],
            "id": "projects/dev-toge510/managedZones/toge5103-com",
            "labels": {},
            "managed_zone_id": 4322342508238081786,
            "name": "toge5103-com",
            "name_servers": [
              "ns-cloud-a1.googledomains.com.",
              "ns-cloud-a2.googledomains.com.",
              "ns-cloud-a3.googledomains.com.",
              "ns-cloud-a4.googledomains.com."
            ],
            "peering_config": [],
            "private_visibility_config": [],
            "project": "dev-toge510",
            "terraform_labels": {},
            "timeouts": null,
            "visibility": "public"
          },
          "sensitive_attributes": [],
          "private": "eyJlMmJmYjczMC1lY2FhLTExZTYtOGY4OC0zNDM2M2JjN2M0YzAiOnsiY3JlYXRlIjoxMjAwMDAwMDAwMDAwLCJkZWxldGUiOjEyMDAwMDAwMDAwMDAsInVwZGF0ZSI6MTIwMDAwMDAwMDAwMH19"
        }
      ]
    },
    {
      "mode": "managed",
      "type": "google_dns_record_set",
      "name": "dev_toge5103_com_a_record",
      "provider": "provider[\"registry.terraform.io/hashicorp/google\"]",
      "instances": [
        {
          "schema_version": 0,
          "attributes": {
            "id": "projects/dev-toge510/managedZones/toge5103-com/rrsets/dev.toge5103.com./A",
            "managed_zone": "toge5103-com",
            "name": "dev.toge5103.com.",
            "project": "dev-toge510",
            "routing_policy": [],
            "rrdatas": [
              "10.0.0.1",
              "10.1.0.1"
            ],
            "ttl": 300,
            "type": "A"
          },
          "sensitive_attributes": [],
          "private": "bnVsbA==",
          "dependencies": [
            "google_dns_managed_zone.toge5103_com_zone"
          ]
        }
      ]
    }
  ],
  "check_results": null
}
